
Microsoft Visual Studio Solution File, Format Version 12.00
# Visual Studio 2013
VisualStudioVersion = 12.0.30110.0
MinimumVisualStudioVersion = 10.0.40219.1
Project("{FAE04EC0-301F-11D3-BF4B-00C04F79EFBC}") = "WpfApplication1", "WpfApplication1\WpfApplication1.csproj", "{70BAB74F-CC70-483D-914D-8776607AC88E}"
EndProject
Project("{FAE04EC0-301F-11D3-BF4B-00C04F79EFBC}") = "Ion.Controls", "ion.Controls\Ion.Controls.csproj", "{7037291C-41DF-4D01-9604-64E8B6E3C4B0}"
EndProject
Project("{FAE04EC0-301F-11D3-BF4B-00C04F79EFBC}") = "Ion.Tools", "ion.Tools\Ion.Tools.csproj", "{ED26E8D4-D775-45CC-92CC-AB289896AC4D}"
EndProject
Global
	GlobalSection(SolutionConfigurationPlatforms) = preSolution
		Debug|Any CPU = Debug|Any CPU
		Release|Any CPU = Release|Any CPU
	EndGlobalSection
	GlobalSection(ProjectConfigurationPlatforms) = postSolution
		{70BAB74F-CC70-483D-914D-8776607AC88E}.Debug|Any CPU.ActiveCfg = Debug|Any CPU
		{70BAB74F-CC70-483D-914D-8776607AC88E}.Debug|Any CPU.Build.0 = Debug|Any CPU
		{70BAB74F-CC70-483D-914D-8776607AC88E}.Release|Any CPU.ActiveCfg = Release|Any CPU
		{70BAB74F-CC70-483D-914D-8776607AC88E}.Release|Any CPU.Build.0 = Release|Any CPU
		{7037291C-41DF-4D01-9604-64E8B6E3C4B0}.Debug|Any CPU.ActiveCfg = Debug|Any CPU
		{7037291C-41DF-4D01-9604-64E8B6E3C4B0}.Debug|Any CPU.Build.0 = Debug|Any CPU
		{7037291C-41DF-4D01-9604-64E8B6E3C4B0}.Release|Any CPU.ActiveCfg = Release|Any CPU
		{7037291C-41DF-4D01-9604-64E8B6E3C4B0}.Release|Any CPU.Build.0 = Release|Any CPU
		{ED26E8D4-D775-45CC-92CC-AB289896AC4D}.Debug|Any CPU.ActiveCfg = Debug|Any CPU
		{ED26E8D4-D775-45CC-92CC-AB289896AC4D}.Debug|Any CPU.Build.0 = Debug|Any CPU
		{ED26E8D4-D775-45CC-92CC-AB289896AC4D}.Release|Any CPU.ActiveCfg = Release|Any CPU
		{ED26E8D4-D775-45CC-92CC-AB289896AC4D}.Release|Any CPU.Build.0 = Release|Any CPU
	EndGlobalSection
	GlobalSection(SolutionProperties) = preSolution
		HideSolutionNode = FALSE
	EndGlobalSection
EndGlobal
